
Microsoft Visual Studio Solution File, Format Version 12.00
# Visual Studio Version 17
VisualStudioVersion = 17.9.34728.123
MinimumVisualStudioVersion = 10.0.40219.1
Project("{FAE04EC0-301F-11D3-BF4B-00C04F79EFBC}") = "CrudUsuarios", "CrudUsuarios\CrudUsuarios.csproj", "{C113963D-D34A-4088-AAE5-BA7B9B33B705}"
EndProject
Global
	GlobalSection(SolutionConfigurationPlatforms) = preSolution
		Debug|Any CPU = Debug|Any CPU
		Release|Any CPU = Release|Any CPU
	EndGlobalSection
	GlobalSection(ProjectConfigurationPlatforms) = postSolution
		{C113963D-D34A-4088-AAE5-BA7B9B33B705}.Debug|Any CPU.ActiveCfg = Debug|Any CPU
		{C113963D-D34A-4088-AAE5-BA7B9B33B705}.Debug|Any CPU.Build.0 = Debug|Any CPU
		{C113963D-D34A-4088-AAE5-BA7B9B33B705}.Release|Any CPU.ActiveCfg = Release|Any CPU
		{C113963D-D34A-4088-AAE5-BA7B9B33B705}.Release|Any CPU.Build.0 = Release|Any CPU
	EndGlobalSection
	GlobalSection(SolutionProperties) = preSolution
		HideSolutionNode = FALSE
	EndGlobalSection
	GlobalSection(ExtensibilityGlobals) = postSolution
		SolutionGuid = {328866D8-CE35-4E26-984B-CB489AC585EB}
	EndGlobalSection
EndGlobal
